Microsoft Visual Studio Solution File, Format Version 11.00
# Visual Studio 2008

Project("{A37DDD8D-14DB-6505-AE7A-1DA76F6B837A}") = "Quarantine", "Assembly-CSharp-firstpass-vs.csproj", "{6B59ED33-A295-3CD3-FBF4-FD3D0C0559F1}"
EndProject
Project("{A37DDD8D-14DB-6505-AE7A-1DA76F6B837A}") = "Quarantine", "Assembly-CSharp-vs.csproj", "{9D6AAABB-37AB-F594-7B70-298A2BF22E36}"
EndProject
Global
	GlobalSection(SolutionConfigurationPlatforms) = preSolution
		Debug|Any CPU = Debug|Any CPU
		Release|Any CPU = Release|Any CPU
	EndGlobalSection
	GlobalSection(ProjectConfigurationPlatforms) = postSolution
		{6B59ED33-A295-3CD3-FBF4-FD3D0C0559F1}.Debug|Any CPU.ActiveCfg = Debug|Any CPU
		{6B59ED33-A295-3CD3-FBF4-FD3D0C0559F1}.Debug|Any CPU.Build.0 = Debug|Any CPU
		{6B59ED33-A295-3CD3-FBF4-FD3D0C0559F1}.Release|Any CPU.ActiveCfg = Release|Any CPU
		{6B59ED33-A295-3CD3-FBF4-FD3D0C0559F1}.Release|Any CPU.Build.0 = Release|Any CPU
		{9D6AAABB-37AB-F594-7B70-298A2BF22E36}.Debug|Any CPU.ActiveCfg = Debug|Any CPU
		{9D6AAABB-37AB-F594-7B70-298A2BF22E36}.Debug|Any CPU.Build.0 = Debug|Any CPU
		{9D6AAABB-37AB-F594-7B70-298A2BF22E36}.Release|Any CPU.ActiveCfg = Release|Any CPU
		{9D6AAABB-37AB-F594-7B70-298A2BF22E36}.Release|Any CPU.Build.0 = Release|Any CPU
	EndGlobalSection
	GlobalSection(SolutionProperties) = preSolution
		HideSolutionNode = FALSE
	EndGlobalSection
																						GlobalSection(MonoDevelopProperties) = preSolution
		StartupItem = Assembly-CSharp.csproj
		Policies = $0
		$0.TextStylePolicy = $1
		$1.inheritsSet = null
		$1.scope = text/x-csharp
		$0.CSharpFormattingPolicy = $2
		$2.inheritsSet = Mono
		$2.inheritsScope = text/x-csharp
		$2.scope = text/x-csharp
		$0.TextStylePolicy = $3
		$3.FileWidth = 120
		$3.TabWidth = 4
		$3.EolMarker = Unix
		$3.inheritsSet = Mono
		$3.inheritsScope = text/plain
		$3.scope = text/plain
	EndGlobalSection

EndGlobal
