Microsoft Visual Studio Solution File, Format Version 11.00
# Visual Studio 2008

Project("{9A05C48B-FCA4-4F56-80D1-897C28C744C2}") = "quarantine", "Assembly-CSharp-firstpass-vs.csproj", "{10881A5B-FED7-36FE-785B-0F8FAB792941}"
EndProject
Project("{9A05C48B-FCA4-4F56-80D1-897C28C744C2}") = "quarantine", "Assembly-CSharp-vs.csproj", "{C072D478-ACEB-0F27-5472-3B0868B8B706}"
EndProject
Global
	GlobalSection(SolutionConfigurationPlatforms) = preSolution
		Debug|Any CPU = Debug|Any CPU
		Release|Any CPU = Release|Any CPU
	EndGlobalSection
	GlobalSection(ProjectConfigurationPlatforms) = postSolution
		{10881A5B-FED7-36FE-785B-0F8FAB792941}.Debug|Any CPU.ActiveCfg = Debug|Any CPU
		{10881A5B-FED7-36FE-785B-0F8FAB792941}.Debug|Any CPU.Build.0 = Debug|Any CPU
		{10881A5B-FED7-36FE-785B-0F8FAB792941}.Release|Any CPU.ActiveCfg = Release|Any CPU
		{10881A5B-FED7-36FE-785B-0F8FAB792941}.Release|Any CPU.Build.0 = Release|Any CPU
		{C072D478-ACEB-0F27-5472-3B0868B8B706}.Debug|Any CPU.ActiveCfg = Debug|Any CPU
		{C072D478-ACEB-0F27-5472-3B0868B8B706}.Debug|Any CPU.Build.0 = Debug|Any CPU
		{C072D478-ACEB-0F27-5472-3B0868B8B706}.Release|Any CPU.ActiveCfg = Release|Any CPU
		{C072D478-ACEB-0F27-5472-3B0868B8B706}.Release|Any CPU.Build.0 = Release|Any CPU
	EndGlobalSection
	GlobalSection(SolutionProperties) = preSolution
		HideSolutionNode = FALSE
	EndGlobalSection
																														GlobalSection(MonoDevelopProperties) = preSolution
		StartupItem = Assembly-CSharp.csproj
		Policies = $0
		$0.TextStylePolicy = $1
		$1.inheritsSet = null
		$1.scope = text/x-csharp
		$0.CSharpFormattingPolicy = $2
		$2.inheritsSet = Mono
		$2.inheritsScope = text/x-csharp
		$2.scope = text/x-csharp
		$0.TextStylePolicy = $3
		$3.FileWidth = 120
		$3.TabWidth = 4
		$3.EolMarker = Unix
		$3.inheritsSet = Mono
		$3.inheritsScope = text/plain
		$3.scope = text/plain
	EndGlobalSection

EndGlobal
